<?xml version="1.0" encoding="utf-8"?>
<Project ToolsVersion="4.0" xmlns="http://schemas.microsoft.com/developer/msbuild/2003">
  <ItemGroup>
    <Filter Include="Source Files">
      <UniqueIdentifier>{4FC737F1-C7A5-4376-A066-2A32D752A2FF}</UniqueIdentifier>
      <Extensions>cpp;c;cc;cxx;def;odl;idl;hpj;bat;asm;asmx</Extensions>
    </Filter>
    <Filter Include="Header Files">
      <UniqueIdentifier>{93995380-89BD-4b04-88EB-625FBE52EBFB}</UniqueIdentifier>
      <Extensions>h;hh;hpp;hxx;hm;inl;inc;xsd</Extensions>
    </Filter>
    <Filter Include="Resource Files">
      <UniqueIdentifier>{67DA6AB6-F800-4c08-8B7A-83BB121AAD01}</UniqueIdentifier>
      <Extensions>rc;ico;cur;bmp;dlg;rc2;rct;bin;rgs;gif;jpg;jpeg;jpe;resx;tiff;tif;png;wav;mfcribbon-ms</Extensions>
    </Filter>
    <Filter Include="Primitives">
      <UniqueIdentifier>{8ea213a8-5e69-4316-b363-b72a6d20a83d}</UniqueIdentifier>
    </Filter>
    <Filter Include="RenderEngine">
      <UniqueIdentifier>{db253282-2370-4fed-bae6-79347e29a2ee}</UniqueIdentifier>
    </Filter>
    <Filter Include="ECS">
      <UniqueIdentifier>{266187e1-359d-447d-b63f-ad8b18679fcc}</UniqueIdentifier>
    </Filter>
    <Filter Include="Shaders">
      <UniqueIdentifier>{c1b1ab80-925b-4c4f-b67b-61ec8e31e9d1}</UniqueIdentifier>
    </Filter>
    <Filter Include="ECS\Entities">
      <UniqueIdentifier>{51a1ad37-5cc7-4ff2-8f9f-688e755d7676}</UniqueIdentifier>
    </Filter>
    <Filter Include="ECS\Components">
      <UniqueIdentifier>{1183ae55-7e9f-4c8a-a8d4-cba9ff3c3f14}</UniqueIdentifier>
    </Filter>
    <Filter Include="BehaviorComponents">
      <UniqueIdentifier>{46608257-8b9c-4845-bbcf-299c9788ef57}</UniqueIdentifier>
    </Filter>
    <Filter Include="StateMachines">
      <UniqueIdentifier>{02208529-62e5-457a-82c7-94ef0f3938c6}</UniqueIdentifier>
    </Filter>
    <Filter Include="Nodes">
      <UniqueIdentifier>{55feddb9-6d75-41f8-ba62-75ab502682c7}</UniqueIdentifier>
    </Filter>
  </ItemGroup>
  <ItemGroup>
    <ClCompile Include="main.cpp">
      <Filter>Source Files</Filter>
    </ClCompile>
    <ClCompile Include="MyGlWindow.cpp">
      <Filter>Source Files</Filter>
    </ClCompile>
    <ClCompile Include="MyGlWindow_moc.cpp">
      <Filter>Source Files</Filter>
    </ClCompile>
    <ClCompile Include="GameTime.cpp">
      <Filter>Source Files</Filter>
    </ClCompile>
    <ClCompile Include="ShapeGenerator.cpp">
      <Filter>Primitives</Filter>
    </ClCompile>
    <ClCompile Include="DebugSlider.cpp">
      <Filter>Source Files</Filter>
    </ClCompile>
    <ClCompile Include="MyWidget.cpp">
      <Filter>Source Files</Filter>
    </ClCompile>
    <ClCompile Include="MyWidget_moc.cpp">
      <Filter>Source Files</Filter>
    </ClCompile>
    <ClCompile Include="DebugSlider_moc.cpp">
      <Filter>Source Files</Filter>
    </ClCompile>
    <ClCompile Include="Reader.cpp">
      <Filter>Source Files</Filter>
    </ClCompile>
    <ClCompile Include="MyGame.cpp">
      <Filter>Source Files</Filter>
    </ClCompile>
    <ClCompile Include="VertexShaderInfo.cpp">
      <Filter>Source Files</Filter>
    </ClCompile>
    <ClCompile Include="FragmentShaderInfo.cpp">
      <Filter>Source Files</Filter>
    </ClCompile>
    <ClCompile Include="TextureInfo.cpp">
      <Filter>Source Files</Filter>
    </ClCompile>
    <ClCompile Include="TransformInfo.cpp">
      <Filter>Source Files</Filter>
    </ClCompile>
    <ClCompile Include="Geometry.cpp">
      <Filter>Source Files</Filter>
    </ClCompile>
    <ClCompile Include="Renderable.cpp">
      <Filter>Source Files</Filter>
    </ClCompile>
    <ClCompile Include="RenderEngine\BufferInfo.cpp">
      <Filter>RenderEngine</Filter>
    </ClCompile>
    <ClCompile Include="RenderEngine\BufferManager.cpp">
      <Filter>RenderEngine</Filter>
    </ClCompile>
    <ClCompile Include="RenderEngine\RenderEngine.cpp">
      <Filter>RenderEngine</Filter>
    </ClCompile>
    <ClCompile Include="Logger.cpp">
      <Filter>Source Files</Filter>
    </ClCompile>
    <ClCompile Include="..\ObjConverter\ConfigReader.cpp">
      <Filter>Source Files</Filter>
    </ClCompile>
    <ClCompile Include="List.cpp">
      <Filter>Source Files</Filter>
    </ClCompile>
    <ClCompile Include="ECS\Component.cpp">
      <Filter>ECS</Filter>
    </ClCompile>
    <ClCompile Include="ECS\Entity.cpp">
      <Filter>ECS</Filter>
    </ClCompile>
    <ClCompile Include="ECS\Entities\PlayerEntity.cpp">
      <Filter>ECS\Entities</Filter>
    </ClCompile>
    <ClCompile Include="ECS\Components\CameraComponent.cpp">
      <Filter>ECS\Components</Filter>
    </ClCompile>
    <ClCompile Include="ECS\Components\KeyboardComponent.cpp">
      <Filter>ECS\Components</Filter>
    </ClCompile>
    <ClCompile Include="ECS\Components\MouseComponent.cpp">
      <Filter>ECS\Components</Filter>
    </ClCompile>
    <ClCompile Include="ECS\Components\MovementComponent.cpp">
      <Filter>ECS\Components</Filter>
    </ClCompile>
    <ClCompile Include="ECS\Components\SpatialComponent.cpp">
      <Filter>ECS\Components</Filter>
    </ClCompile>
    <ClCompile Include="ECS\Components\RenderableComponent.cpp">
      <Filter>ECS\Components</Filter>
    </ClCompile>
    <ClCompile Include="Ray.cpp">
      <Filter>Source Files</Filter>
    </ClCompile>
    <ClCompile Include="ECS\Components\GravityComponent.cpp">
      <Filter>ECS\Components</Filter>
    </ClCompile>
    <ClCompile Include="ECS\Components\PhaserComponent.cpp">
      <Filter>ECS\Components</Filter>
    </ClCompile>
    <ClCompile Include="ECS\EntityManager.cpp">
      <Filter>ECS</Filter>
    </ClCompile>
    <ClCompile Include="BehaviorComponents\SeekBehaviorComponent.cpp">
      <Filter>BehaviorComponents</Filter>
    </ClCompile>
    <ClCompile Include="BehaviorComponents\SteeringBehaviors.cpp">
      <Filter>BehaviorComponents</Filter>
    </ClCompile>
    <ClCompile Include="BehaviorComponents\FleeBehaviorComponent.cpp">
      <Filter>BehaviorComponents</Filter>
    </ClCompile>
    <ClCompile Include="BehaviorComponents\PursuitBehaviorComponent.cpp">
      <Filter>BehaviorComponents</Filter>
    </ClCompile>
    <ClCompile Include="BehaviorComponents\EvadeBehaviorComponent.cpp">
      <Filter>BehaviorComponents</Filter>
    </ClCompile>
    <ClCompile Include="BehaviorComponents\InterposeBehaviorComponent.cpp">
      <Filter>BehaviorComponents</Filter>
    </ClCompile>
    <ClCompile Include="BehaviorComponents\FlockingBehaviorComponent.cpp">
      <Filter>BehaviorComponents</Filter>
    </ClCompile>
    <ClCompile Include="BehaviorComponents\ArrivalBehaviorComponent.cpp">
      <Filter>BehaviorComponents</Filter>
    </ClCompile>
    <ClCompile Include="ECS\Entities\SeekEntity.cpp">
      <Filter>ECS\Entities</Filter>
    </ClCompile>
    <ClCompile Include="ECS\Entities\InterposeEntity.cpp">
      <Filter>ECS\Entities</Filter>
    </ClCompile>
    <ClCompile Include="BehaviorComponents\WanderBehaviorComponent.cpp">
      <Filter>BehaviorComponents</Filter>
    </ClCompile>
    <ClCompile Include="Random.cpp">
      <Filter>Source Files</Filter>
    </ClCompile>
    <ClCompile Include="ECS\Entities\FlockEntity.cpp">
      <Filter>ECS\Entities</Filter>
    </ClCompile>
    <ClCompile Include="ECS\Components\BoundingBoxComponent.cpp">
      <Filter>ECS\Components</Filter>
    </ClCompile>
    <ClCompile Include="ECS\Entities\RedPlayerEntity.cpp">
      <Filter>ECS\Entities</Filter>
    </ClCompile>
    <ClCompile Include="ECS\Entities\BluePlayerEntity.cpp">
      <Filter>ECS\Entities</Filter>
    </ClCompile>
    <ClCompile Include="ECS\Entities\RedWaypointEntity.cpp">
      <Filter>ECS\Entities</Filter>
    </ClCompile>
    <ClCompile Include="ECS\Entities\BlueWaypointEntity.cpp">
      <Filter>ECS\Entities</Filter>
    </ClCompile>
    <ClCompile Include="ECS\Entities\FlagEntity.cpp">
      <Filter>ECS\Entities</Filter>
    </ClCompile>
    <ClCompile Include="ListNode.cpp">
      <Filter>Source Files</Filter>
    </ClCompile>
    <ClCompile Include="Nodes\NodeMap.cpp">
      <Filter>Nodes</Filter>
    </ClCompile>
    <ClCompile Include="PathFinding.cpp">
      <Filter>Source Files</Filter>
    </ClCompile>
    <ClCompile Include="BehaviorComponents\AStarComponent.cpp">
      <Filter>BehaviorComponents</Filter>
    </ClCompile>
    <ClCompile Include="ECS\Entities\PathEntity.cpp">
      <Filter>ECS\Entities</Filter>
    </ClCompile>
  </ItemGroup>
  <ItemGroup>
    <ClInclude Include="MyGlWindow.h">
      <Filter>Header Files</Filter>
    </ClInclude>
    <ClInclude Include="GameTime.h">
      <Filter>Header Files</Filter>
    </ClInclude>
    <ClInclude Include="Vertex.h">
      <Filter>Primitives</Filter>
    </ClInclude>
    <ClInclude Include="ShapeData.h">
      <Filter>Primitives</Filter>
    </ClInclude>
    <ClInclude Include="ShapeGenerator.h">
      <Filter>Primitives</Filter>
    </ClInclude>
    <ClInclude Include="DebugSlider.h">
      <Filter>Header Files</Filter>
    </ClInclude>
    <ClInclude Include="MyWidget.h">
      <Filter>Header Files</Filter>
    </ClInclude>
    <ClInclude Include="MyModel.h">
      <Filter>Header Files</Filter>
    </ClInclude>
    <ClInclude Include="Reader.h">
      <Filter>Header Files</Filter>
    </ClInclude>
    <ClInclude Include="Scene.h">
      <Filter>Header Files</Filter>
    </ClInclude>
    <ClInclude Include="MyGame.h">
      <Filter>Header Files</Filter>
    </ClInclude>
    <ClInclude Include="VertexShaderInfo.h">
      <Filter>Header Files</Filter>
    </ClInclude>
    <ClInclude Include="FragmentShaderInfo.h">
      <Filter>Header Files</Filter>
    </ClInclude>
    <ClInclude Include="TextureInfo.h">
      <Filter>Header Files</Filter>
    </ClInclude>
    <ClInclude Include="TransformInfo.h">
      <Filter>Header Files</Filter>
    </ClInclude>
    <ClInclude Include="Geometry.h">
      <Filter>Header Files</Filter>
    </ClInclude>
    <ClInclude Include="Renderable.h">
      <Filter>Header Files</Filter>
    </ClInclude>
    <ClInclude Include="RenderEngine\BufferInfo.h">
      <Filter>RenderEngine</Filter>
    </ClInclude>
    <ClInclude Include="RenderEngine\BufferManager.h">
      <Filter>RenderEngine</Filter>
    </ClInclude>
    <ClInclude Include="RenderEngine\RenderEngine.h">
      <Filter>RenderEngine</Filter>
    </ClInclude>
    <ClInclude Include="Logger.h">
      <Filter>Header Files</Filter>
    </ClInclude>
    <ClInclude Include="..\ObjConverter\ConfigReader.h">
      <Filter>Header Files</Filter>
    </ClInclude>
    <ClInclude Include="Assert.h">
      <Filter>Header Files</Filter>
    </ClInclude>
    <ClInclude Include="List.h">
      <Filter>Header Files</Filter>
    </ClInclude>
    <ClInclude Include="VertexFormats.h">
      <Filter>Header Files</Filter>
    </ClInclude>
    <ClInclude Include="ECS\Component.h">
      <Filter>ECS</Filter>
    </ClInclude>
    <ClInclude Include="ECS\Entity.h">
      <Filter>ECS</Filter>
    </ClInclude>
    <ClInclude Include="ECS\Entities\PlayerEntity.h">
      <Filter>ECS\Entities</Filter>
    </ClInclude>
    <ClInclude Include="ECS\Components\CameraComponent.h">
      <Filter>ECS\Components</Filter>
    </ClInclude>
    <ClInclude Include="ECS\Components\KeyboardComponent.h">
      <Filter>ECS\Components</Filter>
    </ClInclude>
    <ClInclude Include="ECS\Components\MouseComponent.h">
      <Filter>ECS\Components</Filter>
    </ClInclude>
    <ClInclude Include="ECS\Components\MovementComponent.h">
      <Filter>ECS\Components</Filter>
    </ClInclude>
    <ClInclude Include="ECS\Components\SpatialComponent.h">
      <Filter>ECS\Components</Filter>
    </ClInclude>
    <ClInclude Include="ECS\Components\RenderableComponent.h">
      <Filter>ECS\Components</Filter>
    </ClInclude>
    <ClInclude Include="Ray.h">
      <Filter>Header Files</Filter>
    </ClInclude>
    <ClInclude Include="ECS\Components\GravityComponent.h">
      <Filter>ECS\Components</Filter>
    </ClInclude>
    <ClInclude Include="resource.h">
      <Filter>Header Files</Filter>
    </ClInclude>
    <ClInclude Include="ECS\Components\PhaserComponent.h">
      <Filter>ECS\Components</Filter>
    </ClInclude>
    <ClInclude Include="ECS\EntityManager.h">
      <Filter>ECS</Filter>
    </ClInclude>
    <ClInclude Include="BehaviorComponents\SeekBehaviorComponent.h">
      <Filter>BehaviorComponents</Filter>
    </ClInclude>
    <ClInclude Include="BehaviorComponents\SteeringBehaviors.h">
      <Filter>BehaviorComponents</Filter>
    </ClInclude>
    <ClInclude Include="BehaviorComponents\FleeBehaviorComponent.h">
      <Filter>BehaviorComponents</Filter>
    </ClInclude>
    <ClInclude Include="BehaviorComponents\PursuitBehaviorComponent.h">
      <Filter>BehaviorComponents</Filter>
    </ClInclude>
    <ClInclude Include="BehaviorComponents\EvadeBehaviorComponent.h">
      <Filter>BehaviorComponents</Filter>
    </ClInclude>
    <ClInclude Include="BehaviorComponents\ArrivalBehaviorComponent.h">
      <Filter>BehaviorComponents</Filter>
    </ClInclude>
    <ClInclude Include="BehaviorComponents\InterposeBehaviorComponent.h">
      <Filter>BehaviorComponents</Filter>
    </ClInclude>
    <ClInclude Include="BehaviorComponents\FlockingBehaviorComponent.h">
      <Filter>BehaviorComponents</Filter>
    </ClInclude>
    <ClInclude Include="ECS\Entities\SeekEntity.h">
      <Filter>ECS\Entities</Filter>
    </ClInclude>
    <ClInclude Include="ECS\Entities\InterposeEntity.h">
      <Filter>ECS\Entities</Filter>
    </ClInclude>
    <ClInclude Include="BehaviorComponents\WanderBehaviorComponent.h">
      <Filter>BehaviorComponents</Filter>
    </ClInclude>
    <ClInclude Include="Random.h">
      <Filter>Header Files</Filter>
    </ClInclude>
    <ClInclude Include="ECS\Entities\FlockEntity.h">
      <Filter>ECS\Entities</Filter>
    </ClInclude>
    <ClInclude Include="ECS\Components\BoundingBoxComponent.h">
      <Filter>ECS\Components</Filter>
    </ClInclude>
    <ClInclude Include="ECS\Entities\RedPlayerEntity.h">
      <Filter>ECS\Entities</Filter>
    </ClInclude>
    <ClInclude Include="ECS\Entities\BluePlayerEntity.h">
      <Filter>ECS\Entities</Filter>
    </ClInclude>
    <ClInclude Include="ECS\Entities\RedWaypointEntity.h">
      <Filter>ECS\Entities</Filter>
    </ClInclude>
    <ClInclude Include="ECS\Entities\BlueWaypointEntity.h">
      <Filter>ECS\Entities</Filter>
    </ClInclude>
    <ClInclude Include="StateMachines\State.h">
      <Filter>StateMachines</Filter>
    </ClInclude>
    <ClInclude Include="StateMachines\StateMachine.h">
      <Filter>StateMachines</Filter>
    </ClInclude>
    <ClInclude Include="ECS\Entities\FlagEntity.h">
      <Filter>ECS\Entities</Filter>
    </ClInclude>
    <ClInclude Include="Nodes\Nodes.h">
      <Filter>Nodes</Filter>
    </ClInclude>
    <ClInclude Include="Nodes\NodeMap.h">
      <Filter>Nodes</Filter>
    </ClInclude>
    <ClInclude Include="ListNode.h">
      <Filter>Header Files</Filter>
    </ClInclude>
    <ClInclude Include="AStarPath.h">
      <Filter>Header Files</Filter>
    </ClInclude>
    <ClInclude Include="PathFinding.h">
      <Filter>Header Files</Filter>
    </ClInclude>
    <ClInclude Include="BehaviorComponents\AStarComponent.h">
      <Filter>BehaviorComponents</Filter>
    </ClInclude>
    <ClInclude Include="ECS\Entities\PathEntity.h">
      <Filter>ECS\Entities</Filter>
    </ClInclude>
  </ItemGroup>
  <ItemGroup>
    <None Include="..\Data\Shaders\FragmentShaderPassThru.glsl">
      <Filter>Shaders</Filter>
    </None>
    <None Include="..\Data\Shaders\PCFragmentShader.glsl">
      <Filter>Shaders</Filter>
    </None>
    <None Include="..\Data\Shaders\PCVertexShader.glsl">
      <Filter>Shaders</Filter>
    </None>
    <None Include="..\Data\Shaders\PTFragmentShader.glsl">
      <Filter>Shaders</Filter>
    </None>
    <None Include="..\Data\Shaders\PTVertexShader.glsl">
      <Filter>Shaders</Filter>
    </None>
    <None Include="..\Data\Shaders\VertexShaderPassThru.glsl">
      <Filter>Shaders</Filter>
    </None>
    <None Include="..\Data\Shaders\PCTVertexShader.glsl">
      <Filter>Shaders</Filter>
    </None>
    <None Include="..\Data\Shaders\PCTFragmentShader.glsl">
      <Filter>Shaders</Filter>
    </None>
    <None Include="..\Data\Shaders\PCNFragmentShader.glsl">
      <Filter>Shaders</Filter>
    </None>
    <None Include="..\Data\Shaders\PCNVertexShader.glsl">
      <Filter>Shaders</Filter>
    </None>
    <None Include="..\Data\Shaders\PTAlphaVertexShader.glsl">
      <Filter>Shaders</Filter>
    </None>
    <None Include="..\Data\Shaders\PTAlphaFragmentShader.glsl">
      <Filter>Shaders</Filter>
    </None>
    <None Include="..\Data\Shaders\DepthVertexShader.glsl">
      <Filter>Shaders</Filter>
    </None>
    <None Include="..\Data\Shaders\DepthFragmentShader.glsl">
      <Filter>Shaders</Filter>
    </None>
    <None Include="..\Data\Shaders\ShadowMappingVertex.glsl">
      <Filter>Shaders</Filter>
    </None>
    <None Include="..\Data\Shaders\ShadowMappingFragment.glsl">
      <Filter>Shaders</Filter>
    </None>
    <None Include="..\Data\Shaders\DepthGeometryShader.glsl">
      <Filter>Shaders</Filter>
    </None>
    <None Include="..\Data\Shaders\ExplodeVertexShader.glsl">
      <Filter>Shaders</Filter>
    </None>
    <None Include="..\Data\Shaders\ExplodeGeometryShader.glsl">
      <Filter>Shaders</Filter>
    </None>
    <None Include="..\Data\Shaders\ExplodeFragmentShader.glsl">
      <Filter>Shaders</Filter>
    </None>
    <None Include="..\Data\Shaders\WaterVertexShader.glsl">
      <Filter>Shaders</Filter>
    </None>
    <None Include="..\Data\Shaders\WaterFragmentShader.glsl">
      <Filter>Shaders</Filter>
    </None>
    <None Include="..\Data\Shaders\SkyboxVertexShader.glsl">
      <Filter>Shaders</Filter>
    </None>
    <None Include="..\Data\Shaders\SkyboxFragmentShader.glsl">
      <Filter>Shaders</Filter>
    </None>
    <None Include="..\Data\Shaders\EnvironmentRefractionVertex.glsl">
      <Filter>Shaders</Filter>
    </None>
    <None Include="..\Data\Shaders\EnvironmentRefractionFragment.glsl">
      <Filter>Shaders</Filter>
    </None>
    <None Include="..\Data\Shaders\PTNVertexShader.glsl">
      <Filter>Shaders</Filter>
    </None>
    <None Include="..\Data\Shaders\PTNFragmentShader.glsl">
      <Filter>Shaders</Filter>
    </None>
    <None Include="..\Data\Shaders\NormalMappingVertexShader.glsl">
      <Filter>Shaders</Filter>
    </None>
    <None Include="..\Data\Shaders\NormalMappingFragmentShader.glsl">
      <Filter>Shaders</Filter>
    </None>
    <None Include="..\Data\Shaders\ParallaxMappingVertexShader.glsl">
      <Filter>Shaders</Filter>
    </None>
    <None Include="..\Data\Shaders\ParallaxMappingFragmentShader.glsl">
      <Filter>Shaders</Filter>
    </None>
    <None Include="..\Data\Shaders\GeometryPassVertexShader.glsl">
      <Filter>Shaders</Filter>
    </None>
    <None Include="..\Data\Shaders\GeometryPassFragmentShader.glsl">
      <Filter>Shaders</Filter>
    </None>
    <None Include="..\Data\Shaders\LightingPassVertexShader.glsl">
      <Filter>Shaders</Filter>
    </None>
    <None Include="..\Data\Shaders\LightingPassFragmentShader.glsl">
      <Filter>Shaders</Filter>
    </None>
    <None Include="..\Data\Shaders\LightCubeVertexShader.glsl">
      <Filter>Shaders</Filter>
    </None>
    <None Include="..\Data\Shaders\LightCubeFragmentShader.glsl">
      <Filter>Shaders</Filter>
    </None>
  </ItemGroup>
  <ItemGroup>
    <ResourceCompile Include="Squidley.rc">
      <Filter>Resource Files</Filter>
    </ResourceCompile>
  </ItemGroup>
</Project>